
Microsoft Visual Studio Solution File, Format Version 12.00
# Visual Studio Version 16
VisualStudioVersion = 16.0.30309.148
MinimumVisualStudioVersion = 10.0.40219.1
Project("{FAE04EC0-301F-11D3-BF4B-00C04F79EFBC}") = "MvcAuthorization", "MvcAuthorization\MvcAuthorization.csproj", "{C2615672-1194-4ECF-8215-9B2C6827C81B}"
EndProject
Project("{FAE04EC0-301F-11D3-BF4B-00C04F79EFBC}") = "MvcAuthorization.Web.Test", "MvcAuthorization.Web.Test\MvcAuthorization.Web.Test.csproj", "{5A758F7E-BD22-4D08-8DB0-909448730BB9}"
EndProject
Project("{FAE04EC0-301F-11D3-BF4B-00C04F79EFBC}") = "MvcAuthorization.Tests", "MvcAuthorization.Tests\MvcAuthorization.Tests.csproj", "{DCCCFEA1-9645-4A89-A539-5A05308D7C5D}"
EndProject
Project("{FAE04EC0-301F-11D3-BF4B-00C04F79EFBC}") = "MvcAuthorization.T4MVC", "MvcAuthorization.T4MVC\MvcAuthorization.T4MVC.csproj", "{7147D186-77C9-44FB-B5C6-9FBE4BB1BD7B}"
EndProject
Global
	GlobalSection(SolutionConfigurationPlatforms) = preSolution
		Debug|Any CPU = Debug|Any CPU
		Release|Any CPU = Release|Any CPU
	EndGlobalSection
	GlobalSection(ProjectConfigurationPlatforms) = postSolution
		{C2615672-1194-4ECF-8215-9B2C6827C81B}.Debug|Any CPU.ActiveCfg = Debug|Any CPU
		{C2615672-1194-4ECF-8215-9B2C6827C81B}.Debug|Any CPU.Build.0 = Debug|Any CPU
		{C2615672-1194-4ECF-8215-9B2C6827C81B}.Release|Any CPU.ActiveCfg = Release|Any CPU
		{C2615672-1194-4ECF-8215-9B2C6827C81B}.Release|Any CPU.Build.0 = Release|Any CPU
		{5A758F7E-BD22-4D08-8DB0-909448730BB9}.Debug|Any CPU.ActiveCfg = Debug|Any CPU
		{5A758F7E-BD22-4D08-8DB0-909448730BB9}.Debug|Any CPU.Build.0 = Debug|Any CPU
		{5A758F7E-BD22-4D08-8DB0-909448730BB9}.Release|Any CPU.ActiveCfg = Release|Any CPU
		{5A758F7E-BD22-4D08-8DB0-909448730BB9}.Release|Any CPU.Build.0 = Release|Any CPU
		{DCCCFEA1-9645-4A89-A539-5A05308D7C5D}.Debug|Any CPU.ActiveCfg = Debug|Any CPU
		{DCCCFEA1-9645-4A89-A539-5A05308D7C5D}.Debug|Any CPU.Build.0 = Debug|Any CPU
		{DCCCFEA1-9645-4A89-A539-5A05308D7C5D}.Release|Any CPU.ActiveCfg = Release|Any CPU
		{DCCCFEA1-9645-4A89-A539-5A05308D7C5D}.Release|Any CPU.Build.0 = Release|Any CPU
		{7147D186-77C9-44FB-B5C6-9FBE4BB1BD7B}.Debug|Any CPU.ActiveCfg = Debug|Any CPU
		{7147D186-77C9-44FB-B5C6-9FBE4BB1BD7B}.Debug|Any CPU.Build.0 = Debug|Any CPU
		{7147D186-77C9-44FB-B5C6-9FBE4BB1BD7B}.Release|Any CPU.ActiveCfg = Release|Any CPU
		{7147D186-77C9-44FB-B5C6-9FBE4BB1BD7B}.Release|Any CPU.Build.0 = Release|Any CPU
	EndGlobalSection
	GlobalSection(SolutionProperties) = preSolution
		HideSolutionNode = FALSE
	EndGlobalSection
	GlobalSection(ExtensibilityGlobals) = postSolution
		SolutionGuid = {E8BEBD98-55CD-411C-BE49-64B3D5C691B1}
	EndGlobalSection
EndGlobal
